
Microsoft Visual Studio Solution File, Format Version 12.00
# Visual Studio Version 17
VisualStudioVersion = 17.4.33122.133
MinimumVisualStudioVersion = 10.0.40219.1
Project("{FAE04EC0-301F-11D3-BF4B-00C04F79EFBC}") = "StarPattern", "StarPattern\StarPattern.csproj", "{4ECE62AD-D6E0-4C16-8B6F-865A5CA4C074}"
EndProject
Global
	GlobalSection(SolutionConfigurationPlatforms) = preSolution
		Debug|Any CPU = Debug|Any CPU
		Release|Any CPU = Release|Any CPU
	EndGlobalSection
	GlobalSection(ProjectConfigurationPlatforms) = postSolution
		{4ECE62AD-D6E0-4C16-8B6F-865A5CA4C074}.Debug|Any CPU.ActiveCfg = Debug|Any CPU
		{4ECE62AD-D6E0-4C16-8B6F-865A5CA4C074}.Debug|Any CPU.Build.0 = Debug|Any CPU
		{4ECE62AD-D6E0-4C16-8B6F-865A5CA4C074}.Release|Any CPU.ActiveCfg = Release|Any CPU
		{4ECE62AD-D6E0-4C16-8B6F-865A5CA4C074}.Release|Any CPU.Build.0 = Release|Any CPU
	EndGlobalSection
	GlobalSection(SolutionProperties) = preSolution
		HideSolutionNode = FALSE
	EndGlobalSection
	GlobalSection(ExtensibilityGlobals) = postSolution
		SolutionGuid = {06832786-AD9D-425F-A31C-89CE905857F3}
	EndGlobalSection
EndGlobal
